// !$*UTF8*$!
{
	archiveVersion = 1;
	classes = {
	};
	objectVersion = 52;
	objects = {

/* Begin PBXBuildFile section */
		71EB93E42731467C00C6553F /* SnapKit in Frameworks */ = {isa = PBXBuildFile; productRef = 71EB93E32731467C00C6553F /* SnapKit */; };
		71EB93E627315EFA00C6553F /* ChatViewController.swift in Sources */ = {isa = PBXBuildFile; fileRef = 71EB93E527315EFA00C6553F /* ChatViewController.swift */; };
		71EB93EA27316E9D00C6553F /* MessageSection.swift in Sources */ = {isa = PBXBuildFile; fileRef = 71EB93E927316E9D00C6553F /* MessageSection.swift */; };
		71EB93EE273170C600C6553F /* MessageGroup.swift in Sources */ = {isa = PBXBuildFile; fileRef = 71EB93ED273170C600C6553F /* MessageGroup.swift */; };
		71EB93F2273175DD00C6553F /* MessageView.swift in Sources */ = {isa = PBXBuildFile; fileRef = 71EB93F1273175DD00C6553F /* MessageView.swift */; };
		71EB93F4273177B800C6553F /* swiftgen.yml in Resources */ = {isa = PBXBuildFile; fileRef = 71EB93F3273177B800C6553F /* swiftgen.yml */; };
		71EB93F82731DD4200C6553F /* MessageGroupInterlocutorCell.swift in Sources */ = {isa = PBXBuildFile; fileRef = 71EB93F02731734600C6553F /* MessageGroupInterlocutorCell.swift */; };
		71EB93FA2731E94B00C6553F /* MessageGroupHeader.swift in Sources */ = {isa = PBXBuildFile; fileRef = 71EB93F92731E94B00C6553F /* MessageGroupHeader.swift */; };
		71EB93FC2732A84000C6553F /* TextInputView.swift in Sources */ = {isa = PBXBuildFile; fileRef = 71EB93FB2732A84000C6553F /* TextInputView.swift */; };
		71EB93FF2732A94300C6553F /* MessageTextField.swift in Sources */ = {isa = PBXBuildFile; fileRef = 71EB93FE2732A94300C6553F /* MessageTextField.swift */; };
		71EB94032732CAB100C6553F /* KeyboardObserver.swift in Sources */ = {isa = PBXBuildFile; fileRef = 71EB94022732CAB100C6553F /* KeyboardObserver.swift */; };
		71EB94052732F19800C6553F /* MessageGroupUserCell.swift in Sources */ = {isa = PBXBuildFile; fileRef = 71EB94042732F19800C6553F /* MessageGroupUserCell.swift */; };
		71EB94082732FE2100C6553F /* ChatService.swift in Sources */ = {isa = PBXBuildFile; fileRef = 71EB94072732FE2100C6553F /* ChatService.swift */; };
		71EB940A2733022500C6553F /* DateFormatter+Extensions.swift in Sources */ = {isa = PBXBuildFile; fileRef = 71EB94092733022500C6553F /* DateFormatter+Extensions.swift */; };
		E717D490271307220005E248 /* Asset.swift in Sources */ = {isa = PBXBuildFile; fileRef = E717D48E271307220005E248 /* Asset.swift */; };
		E717D491271307220005E248 /* Fonts.swift in Sources */ = {isa = PBXBuildFile; fileRef = E717D48F271307220005E248 /* Fonts.swift */; };
		E717D4962713113C0005E248 /* PrimaryButton.swift in Sources */ = {isa = PBXBuildFile; fileRef = E717D4952713113C0005E248 /* PrimaryButton.swift */; };
		E717D49827135D020005E248 /* UIFont+Extensions.swift in Sources */ = {isa = PBXBuildFile; fileRef = E717D49727135D020005E248 /* UIFont+Extensions.swift */; };
		E717D49A27136B900005E248 /* UIButton+Extensions.swift in Sources */ = {isa = PBXBuildFile; fileRef = E717D49927136B900005E248 /* UIButton+Extensions.swift */; };
		E717D49C271378C60005E248 /* ChatListViewController.swift in Sources */ = {isa = PBXBuildFile; fileRef = E717D49B271378C60005E248 /* ChatListViewController.swift */; };
		E73A36C02716425C00E44FDB /* PinnedChatCell.swift in Sources */ = {isa = PBXBuildFile; fileRef = E73A36BF2716425C00E44FDB /* PinnedChatCell.swift */; };
		E752F1252712F3360031135C /* AppDelegate.swift in Sources */ = {isa = PBXBuildFile; fileRef = E752F1242712F3360031135C /* AppDelegate.swift */; };
		E752F1272712F3360031135C /* SceneDelegate.swift in Sources */ = {isa = PBXBuildFile; fileRef = E752F1262712F3360031135C /* SceneDelegate.swift */; };
		E752F1292712F3360031135C /* ProfileViewController.swift in Sources */ = {isa = PBXBuildFile; fileRef = E752F1282712F3360031135C /* ProfileViewController.swift */; };
		E752F12E2712F3370031135C /* Assets.xcassets in Resources */ = {isa = PBXBuildFile; fileRef = E752F12D2712F3370031135C /* Assets.xcassets */; };
		E752F1312712F3370031135C /* LaunchScreen.storyboard in Resources */ = {isa = PBXBuildFile; fileRef = E752F12F2712F3370031135C /* LaunchScreen.storyboard */; };
		E752F13A2712F8420031135C /* Habibi-Regular.ttf in Resources */ = {isa = PBXBuildFile; fileRef = E752F1392712F8420031135C /* Habibi-Regular.ttf */; };
		E75B7384272068B4001A6E68 /* NavigationController.swift in Sources */ = {isa = PBXBuildFile; fileRef = E75B7383272068B4001A6E68 /* NavigationController.swift */; };
		E75B738627206B99001A6E68 /* AvatarView.swift in Sources */ = {isa = PBXBuildFile; fileRef = E75B738527206B99001A6E68 /* AvatarView.swift */; };
		E798CD06271F0787002A23CC /* ChatListHeader.swift in Sources */ = {isa = PBXBuildFile; fileRef = E798CD05271F0787002A23CC /* ChatListHeader.swift */; };
		E798CD09271F1EC6002A23CC /* ChatListItem.swift in Sources */ = {isa = PBXBuildFile; fileRef = E798CD08271F1EC6002A23CC /* ChatListItem.swift */; };
		E798CD0B271F1ED1002A23CC /* PinnedChat.swift in Sources */ = {isa = PBXBuildFile; fileRef = E798CD0A271F1ED1002A23CC /* PinnedChat.swift */; };
		E7A345C5271B7E4600BE7A11 /* ChatListCell.swift in Sources */ = {isa = PBXBuildFile; fileRef = E7A345C4271B7E4600BE7A11 /* ChatListCell.swift */; };
		E7A345C7271B864E00BE7A11 /* Spacer.swift in Sources */ = {isa = PBXBuildFile; fileRef = E7A345C6271B864E00BE7A11 /* Spacer.swift */; };
		E7A345C9271B910B00BE7A11 /* PinnedChatsHeader.swift in Sources */ = {isa = PBXBuildFile; fileRef = E7A345C8271B910B00BE7A11 /* PinnedChatsHeader.swift */; };
/* End PBXBuildFile section */

/* Begin PBXFileReference section */
		71EB93E527315EFA00C6553F /* ChatViewController.swift */ = {isa = PBXFileReference; lastKnownFileType = sourcecode.swift; path = ChatViewController.swift; sourceTree = "<group>"; };
		71EB93E927316E9D00C6553F /* MessageSection.swift */ = {isa = PBXFileReference; lastKnownFileType = sourcecode.swift; path = MessageSection.swift; sourceTree = "<group>"; };
		71EB93ED273170C600C6553F /* MessageGroup.swift */ = {isa = PBXFileReference; lastKnownFileType = sourcecode.swift; path = MessageGroup.swift; sourceTree = "<group>"; };
		71EB93F02731734600C6553F /* MessageGroupInterlocutorCell.swift */ = {isa = PBXFileReference; lastKnownFileType = sourcecode.swift; path = MessageGroupInterlocutorCell.swift; sourceTree = "<group>"; };
		71EB93F1273175DD00C6553F /* MessageView.swift */ = {isa = PBXFileReference; lastKnownFileType = sourcecode.swift; path = MessageView.swift; sourceTree = "<group>"; };
		71EB93F3273177B800C6553F /* swiftgen.yml */ = {isa = PBXFileReference; fileEncoding = 4; lastKnownFileType = text.yaml; path = swiftgen.yml; sourceTree = "<group>"; };
		71EB93F92731E94B00C6553F /* MessageGroupHeader.swift */ = {isa = PBXFileReference; lastKnownFileType = sourcecode.swift; path = MessageGroupHeader.swift; sourceTree = "<group>"; };
		71EB93FB2732A84000C6553F /* TextInputView.swift */ = {isa = PBXFileReference; lastKnownFileType = sourcecode.swift; path = TextInputView.swift; sourceTree = "<group>"; };
		71EB93FE2732A94300C6553F /* MessageTextField.swift */ = {isa = PBXFileReference; lastKnownFileType = sourcecode.swift; path = MessageTextField.swift; sourceTree = "<group>"; };
		71EB94022732CAB100C6553F /* KeyboardObserver.swift */ = {isa = PBXFileReference; lastKnownFileType = sourcecode.swift; path = KeyboardObserver.swift; sourceTree = "<group>"; };
		71EB94042732F19800C6553F /* MessageGroupUserCell.swift */ = {isa = PBXFileReference; lastKnownFileType = sourcecode.swift; path = MessageGroupUserCell.swift; sourceTree = "<group>"; };
		71EB94072732FE2100C6553F /* ChatService.swift */ = {isa = PBXFileReference; lastKnownFileType = sourcecode.swift; path = ChatService.swift; sourceTree = "<group>"; };
		71EB94092733022500C6553F /* DateFormatter+Extensions.swift */ = {isa = PBXFileReference; lastKnownFileType = sourcecode.swift; path = "DateFormatter+Extensions.swift"; sourceTree = "<group>"; };
		E717D48E271307220005E248 /* Asset.swift */ = {isa = PBXFileReference; fileEncoding = 4; lastKnownFileType = sourcecode.swift; path = Asset.swift; sourceTree = "<group>"; };
		E717D48F271307220005E248 /* Fonts.swift */ = {isa = PBXFileReference; fileEncoding = 4; lastKnownFileType = sourcecode.swift; path = Fonts.swift; sourceTree = "<group>"; };
		E717D4952713113C0005E248 /* PrimaryButton.swift */ = {isa = PBXFileReference; lastKnownFileType = sourcecode.swift; path = PrimaryButton.swift; sourceTree = "<group>"; };
		E717D49727135D020005E248 /* UIFont+Extensions.swift */ = {isa = PBXFileReference; lastKnownFileType = sourcecode.swift; path = "UIFont+Extensions.swift"; sourceTree = "<group>"; };
		E717D49927136B900005E248 /* UIButton+Extensions.swift */ = {isa = PBXFileReference; lastKnownFileType = sourcecode.swift; path = "UIButton+Extensions.swift"; sourceTree = "<group>"; };
		E717D49B271378C60005E248 /* ChatListViewController.swift */ = {isa = PBXFileReference; lastKnownFileType = sourcecode.swift; path = ChatListViewController.swift; sourceTree = "<group>"; };
		E73A36BF2716425C00E44FDB /* PinnedChatCell.swift */ = {isa = PBXFileReference; lastKnownFileType = sourcecode.swift; path = PinnedChatCell.swift; sourceTree = "<group>"; };
		E752F1212712F3360031135C /* hw2.app */ = {isa = PBXFileReference; explicitFileType = wrapper.application; includeInIndex = 0; path = hw2.app; sourceTree = BUILT_PRODUCTS_DIR; };
		E752F1242712F3360031135C /* AppDelegate.swift */ = {isa = PBXFileReference; lastKnownFileType = sourcecode.swift; path = AppDelegate.swift; sourceTree = "<group>"; };
		E752F1262712F3360031135C /* SceneDelegate.swift */ = {isa = PBXFileReference; lastKnownFileType = sourcecode.swift; path = SceneDelegate.swift; sourceTree = "<group>"; };
		E752F1282712F3360031135C /* ProfileViewController.swift */ = {isa = PBXFileReference; lastKnownFileType = sourcecode.swift; path = ProfileViewController.swift; sourceTree = "<group>"; };
		E752F12D2712F3370031135C /* Assets.xcassets */ = {isa = PBXFileReference; lastKnownFileType = folder.assetcatalog; path = Assets.xcassets; sourceTree = "<group>"; };
		E752F1302712F3370031135C /* Base */ = {isa = PBXFileReference; lastKnownFileType = file.storyboard; name = Base; path = Base.lproj/LaunchScreen.storyboard; sourceTree = "<group>"; };
		E752F1322712F3370031135C /* Info.plist */ = {isa = PBXFileReference; lastKnownFileType = text.plist.xml; path = Info.plist; sourceTree = "<group>"; };
		E752F1392712F8420031135C /* Habibi-Regular.ttf */ = {isa = PBXFileReference; lastKnownFileType = file; path = "Habibi-Regular.ttf"; sourceTree = "<group>"; };
		E75B7383272068B4001A6E68 /* NavigationController.swift */ = {isa = PBXFileReference; lastKnownFileType = sourcecode.swift; path = NavigationController.swift; sourceTree = "<group>"; };
		E75B738527206B99001A6E68 /* AvatarView.swift */ = {isa = PBXFileReference; lastKnownFileType = sourcecode.swift; path = AvatarView.swift; sourceTree = "<group>"; };
		E798CD05271F0787002A23CC /* ChatListHeader.swift */ = {isa = PBXFileReference; lastKnownFileType = sourcecode.swift; path = ChatListHeader.swift; sourceTree = "<group>"; };
		E798CD08271F1EC6002A23CC /* ChatListItem.swift */ = {isa = PBXFileReference; lastKnownFileType = sourcecode.swift; path = ChatListItem.swift; sourceTree = "<group>"; };
		E798CD0A271F1ED1002A23CC /* PinnedChat.swift */ = {isa = PBXFileReference; lastKnownFileType = sourcecode.swift; path = PinnedChat.swift; sourceTree = "<group>"; };
		E7A345C4271B7E4600BE7A11 /* ChatListCell.swift */ = {isa = PBXFileReference; lastKnownFileType = sourcecode.swift; path = ChatListCell.swift; sourceTree = "<group>"; };
		E7A345C6271B864E00BE7A11 /* Spacer.swift */ = {isa = PBXFileReference; lastKnownFileType = sourcecode.swift; path = Spacer.swift; sourceTree = "<group>"; };
		E7A345C8271B910B00BE7A11 /* PinnedChatsHeader.swift */ = {isa = PBXFileReference; lastKnownFileType = sourcecode.swift; path = PinnedChatsHeader.swift; sourceTree = "<group>"; };
/* End PBXFileReference section */

/* Begin PBXFrameworksBuildPhase section */
		E752F11E2712F3360031135C /* Frameworks */ = {
			isa = PBXFrameworksBuildPhase;
			buildActionMask = 2147483647;
			files = (
				71EB93E42731467C00C6553F /* SnapKit in Frameworks */,
			);
			runOnlyForDeploymentPostprocessing = 0;
		};
/* End PBXFrameworksBuildPhase section */

/* Begin PBXGroup section */
		71EB93E727316CBC00C6553F /* ChatList */ = {
			isa = PBXGroup;
			children = (
				E798CD08271F1EC6002A23CC /* ChatListItem.swift */,
				E798CD0A271F1ED1002A23CC /* PinnedChat.swift */,
			);
			path = ChatList;
			sourceTree = "<group>";
		};
		71EB93E827316CC900C6553F /* Chat */ = {
			isa = PBXGroup;
			children = (
				71EB93ED273170C600C6553F /* MessageGroup.swift */,
				71EB93E927316E9D00C6553F /* MessageSection.swift */,
			);
			path = Chat;
			sourceTree = "<group>";
		};
		71EB93EF2731733A00C6553F /* Chat */ = {
			isa = PBXGroup;
			children = (
				71EB93F02731734600C6553F /* MessageGroupInterlocutorCell.swift */,
				71EB94042732F19800C6553F /* MessageGroupUserCell.swift */,
				71EB93F92731E94B00C6553F /* MessageGroupHeader.swift */,
				71EB93F1273175DD00C6553F /* MessageView.swift */,
				71EB94002732A95D00C6553F /* TextField */,
			);
			path = Chat;
			sourceTree = "<group>";
		};
		71EB94002732A95D00C6553F /* TextField */ = {
			isa = PBXGroup;
			children = (
				71EB93FE2732A94300C6553F /* MessageTextField.swift */,
				71EB93FB2732A84000C6553F /* TextInputView.swift */,
			);
			path = TextField;
			sourceTree = "<group>";
		};
		71EB94012732CA9700C6553F /* Helpers */ = {
			isa = PBXGroup;
			children = (
				71EB94022732CAB100C6553F /* KeyboardObserver.swift */,
			);
			path = Helpers;
			sourceTree = "<group>";
		};
		71EB94062732FE0C00C6553F /* Services */ = {
			isa = PBXGroup;
			children = (
				71EB94072732FE2100C6553F /* ChatService.swift */,
			);
			path = Services;
			sourceTree = "<group>";
		};
		E717D48D271305A50005E248 /* Generated */ = {
			isa = PBXGroup;
			children = (
				E717D48E271307220005E248 /* Asset.swift */,
				E717D48F271307220005E248 /* Fonts.swift */,
			);
			path = Generated;
			sourceTree = "<group>";
		};
		E717D49227130D100005E248 /* Extensions */ = {
			isa = PBXGroup;
			children = (
				E717D49927136B900005E248 /* UIButton+Extensions.swift */,
				E717D49727135D020005E248 /* UIFont+Extensions.swift */,
				71EB94092733022500C6553F /* DateFormatter+Extensions.swift */,
			);
			path = Extensions;
			sourceTree = "<group>";
		};
		E752F1182712F3360031135C = {
			isa = PBXGroup;
			children = (
				E752F1232712F3360031135C /* hw2 */,
				E752F1222712F3360031135C /* Products */,
			);
			sourceTree = "<group>";
		};
		E752F1222712F3360031135C /* Products */ = {
			isa = PBXGroup;
			children = (
				E752F1212712F3360031135C /* hw2.app */,
			);
			name = Products;
			sourceTree = "<group>";
		};
		E752F1232712F3360031135C /* hw2 */ = {
			isa = PBXGroup;
			children = (
				E75B7389272084C4001A6E68 /* Controllers */,
				E717D49227130D100005E248 /* Extensions */,
				E752F1382712F82A0031135C /* Fonts */,
				E717D48D271305A50005E248 /* Generated */,
				71EB94012732CA9700C6553F /* Helpers */,
				E798CD07271F1EAD002A23CC /* Models */,
				71EB94062732FE0C00C6553F /* Services */,
				E75B738727206CEF001A6E68 /* Views */,
				E752F1242712F3360031135C /* AppDelegate.swift */,
				E752F1262712F3360031135C /* SceneDelegate.swift */,
				E752F12D2712F3370031135C /* Assets.xcassets */,
				E752F12F2712F3370031135C /* LaunchScreen.storyboard */,
				E752F1322712F3370031135C /* Info.plist */,
				71EB93F3273177B800C6553F /* swiftgen.yml */,
			);
			path = hw2;
			sourceTree = "<group>";
		};
		E752F1382712F82A0031135C /* Fonts */ = {
			isa = PBXGroup;
			children = (
				E752F1392712F8420031135C /* Habibi-Regular.ttf */,
			);
			path = Fonts;
			sourceTree = "<group>";
		};
		E75B738727206CEF001A6E68 /* Views */ = {
			isa = PBXGroup;
			children = (
				71EB93EF2731733A00C6553F /* Chat */,
				E75B73882720849F001A6E68 /* ChatList */,
				E75B738527206B99001A6E68 /* AvatarView.swift */,
				E7A345C6271B864E00BE7A11 /* Spacer.swift */,
				E717D4952713113C0005E248 /* PrimaryButton.swift */,
			);
			path = Views;
			sourceTree = "<group>";
		};
		E75B73882720849F001A6E68 /* ChatList */ = {
			isa = PBXGroup;
			children = (
				E7A345C4271B7E4600BE7A11 /* ChatListCell.swift */,
				E798CD05271F0787002A23CC /* ChatListHeader.swift */,
				E73A36BF2716425C00E44FDB /* PinnedChatCell.swift */,
				E7A345C8271B910B00BE7A11 /* PinnedChatsHeader.swift */,
			);
			path = ChatList;
			sourceTree = "<group>";
		};
		E75B7389272084C4001A6E68 /* Controllers */ = {
			isa = PBXGroup;
			children = (
				E717D49B271378C60005E248 /* ChatListViewController.swift */,
				71EB93E527315EFA00C6553F /* ChatViewController.swift */,
				E75B7383272068B4001A6E68 /* NavigationController.swift */,
				E752F1282712F3360031135C /* ProfileViewController.swift */,
			);
			path = Controllers;
			sourceTree = "<group>";
		};
		E798CD07271F1EAD002A23CC /* Models */ = {
			isa = PBXGroup;
			children = (
				71EB93E827316CC900C6553F /* Chat */,
				71EB93E727316CBC00C6553F /* ChatList */,
			);
			path = Models;
			sourceTree = "<group>";
		};
/* End PBXGroup section */

/* Begin PBXNativeTarget section */
		E752F1202712F3360031135C /* hw2 */ = {
			isa = PBXNativeTarget;
			buildConfigurationList = E752F1352712F3370031135C /* Build configuration list for PBXNativeTarget "hw2" */;
			buildPhases = (
				E752F11D2712F3360031135C /* Sources */,
				E752F11E2712F3360031135C /* Frameworks */,
				E752F11F2712F3360031135C /* Resources */,
			);
			buildRules = (
			);
			dependencies = (
			);
			name = hw2;
			packageProductDependencies = (
				71EB93E32731467C00C6553F /* SnapKit */,
			);
			productName = "hw2-1";
			productReference = E752F1212712F3360031135C /* hw2.app */;
			productType = "com.apple.product-type.application";
		};
/* End PBXNativeTarget section */

/* Begin PBXProject section */
		E752F1192712F3360031135C /* Project object */ = {
			isa = PBXProject;
			attributes = {
				LastSwiftUpdateCheck = 1250;
				LastUpgradeCheck = 1250;
				TargetAttributes = {
					E752F1202712F3360031135C = {
						CreatedOnToolsVersion = 12.5.1;
					};
				};
			};
			buildConfigurationList = E752F11C2712F3360031135C /* Build configuration list for PBXProject "hw2" */;
			compatibilityVersion = "Xcode 9.3";
			developmentRegion = en;
			hasScannedForEncodings = 0;
			knownRegions = (
				en,
				Base,
			);
			mainGroup = E752F1182712F3360031135C;
			packageReferences = (
				71EB93E22731467C00C6553F /* XCRemoteSwiftPackageReference "SnapKit" */,
			);
			productRefGroup = E752F1222712F3360031135C /* Products */;
			projectDirPath = "";
			projectRoot = "";
			targets = (
				E752F1202712F3360031135C /* hw2 */,
			);
		};
/* End PBXProject section */

/* Begin PBXResourcesBuildPhase section */
		E752F11F2712F3360031135C /* Resources */ = {
			isa = PBXResourcesBuildPhase;
			buildActionMask = 2147483647;
			files = (
				E752F13A2712F8420031135C /* Habibi-Regular.ttf in Resources */,
				E752F1312712F3370031135C /* LaunchScreen.storyboard in Resources */,
				E752F12E2712F3370031135C /* Assets.xcassets in Resources */,
				71EB93F4273177B800C6553F /* swiftgen.yml in Resources */,
			);
			runOnlyForDeploymentPostprocessing = 0;
		};
/* End PBXResourcesBuildPhase section */

/* Begin PBXSourcesBuildPhase section */
		E752F11D2712F3360031135C /* Sources */ = {
			isa = PBXSourcesBuildPhase;
			buildActionMask = 2147483647;
			files = (
				E7A345C5271B7E4600BE7A11 /* ChatListCell.swift in Sources */,
				71EB93EA27316E9D00C6553F /* MessageSection.swift in Sources */,
				E7A345C7271B864E00BE7A11 /* Spacer.swift in Sources */,
				E798CD09271F1EC6002A23CC /* ChatListItem.swift in Sources */,
				E752F1292712F3360031135C /* ProfileViewController.swift in Sources */,
				71EB93EE273170C600C6553F /* MessageGroup.swift in Sources */,
				71EB93F2273175DD00C6553F /* MessageView.swift in Sources */,
				E752F1252712F3360031135C /* AppDelegate.swift in Sources */,
				E75B7384272068B4001A6E68 /* NavigationController.swift in Sources */,
				E717D49827135D020005E248 /* UIFont+Extensions.swift in Sources */,
				E73A36C02716425C00E44FDB /* PinnedChatCell.swift in Sources */,
				E717D49A27136B900005E248 /* UIButton+Extensions.swift in Sources */,
				E75B738627206B99001A6E68 /* AvatarView.swift in Sources */,
				E717D490271307220005E248 /* Asset.swift in Sources */,
				71EB940A2733022500C6553F /* DateFormatter+Extensions.swift in Sources */,
				71EB93FA2731E94B00C6553F /* MessageGroupHeader.swift in Sources */,
				71EB93E627315EFA00C6553F /* ChatViewController.swift in Sources */,
				E798CD0B271F1ED1002A23CC /* PinnedChat.swift in Sources */,
				E717D4962713113C0005E248 /* PrimaryButton.swift in Sources */,
				E717D49C271378C60005E248 /* ChatListViewController.swift in Sources */,
				71EB94032732CAB100C6553F /* KeyboardObserver.swift in Sources */,
				E798CD06271F0787002A23CC /* ChatListHeader.swift in Sources */,
				71EB94052732F19800C6553F /* MessageGroupUserCell.swift in Sources */,
				71EB93FC2732A84000C6553F /* TextInputView.swift in Sources */,
				E752F1272712F3360031135C /* SceneDelegate.swift in Sources */,
				E717D491271307220005E248 /* Fonts.swift in Sources */,
				71EB93FF2732A94300C6553F /* MessageTextField.swift in Sources */,
				E7A345C9271B910B00BE7A11 /* PinnedChatsHeader.swift in Sources */,
				71EB94082732FE2100C6553F /* ChatService.swift in Sources */,
				71EB93F82731DD4200C6553F /* MessageGroupInterlocutorCell.swift in Sources */,
			);
			runOnlyForDeploymentPostprocessing = 0;
		};
/* End PBXSourcesBuildPhase section */

/* Begin PBXVariantGroup section */
		E752F12F2712F3370031135C /* LaunchScreen.storyboard */ = {
			isa = PBXVariantGroup;
			children = (
				E752F1302712F3370031135C /* Base */,
			);
			name = LaunchScreen.storyboard;
			sourceTree = "<group>";
		};
/* End PBXVariantGroup section */

/* Begin XCBuildConfiguration section */
		E752F1332712F3370031135C /* Debug */ = {
			isa = XCBuildConfiguration;
			buildSettings = {
				ALWAYS_SEARCH_USER_PATHS = NO;
				CLANG_ANALYZER_NONNULL = YES;
				CLANG_ANALYZER_NUMBER_OBJECT_CONVERSION = YES_AGGRESSIVE;
				CLANG_CXX_LANGUAGE_STANDARD = "gnu++14";
				CLANG_CXX_LIBRARY = "libc++";
				CLANG_ENABLE_MODULES = YES;
				CLANG_ENABLE_OBJC_ARC = YES;
				CLANG_ENABLE_OBJC_WEAK = YES;
				CLANG_WARN_BLOCK_CAPTURE_AUTORELEASING = YES;
				CLANG_WARN_BOOL_CONVERSION = YES;
				CLANG_WARN_COMMA = YES;
				CLANG_WARN_CONSTANT_CONVERSION = YES;
				CLANG_WARN_DEPRECATED_OBJC_IMPLEMENTATIONS = YES;
				CLANG_WARN_DIRECT_OBJC_ISA_USAGE = YES_ERROR;
				CLANG_WARN_DOCUMENTATION_COMMENTS = YES;
				CLANG_WARN_EMPTY_BODY = YES;
				CLANG_WARN_ENUM_CONVERSION = YES;
				CLANG_WARN_INFINITE_RECURSION = YES;
				CLANG_WARN_INT_CONVERSION = YES;
				CLANG_WARN_NON_LITERAL_NULL_CONVERSION = YES;
				CLANG_WARN_OBJC_IMPLICIT_RETAIN_SELF = YES;
				CLANG_WARN_OBJC_LITERAL_CONVERSION = YES;
				CLANG_WARN_OBJC_ROOT_CLASS = YES_ERROR;
				CLANG_WARN_QUOTED_INCLUDE_IN_FRAMEWORK_HEADER = YES;
				CLANG_WARN_RANGE_LOOP_ANALYSIS = YES;
				CLANG_WARN_STRICT_PROTOTYPES = YES;
				CLANG_WARN_SUSPICIOUS_MOVE = YES;
				CLANG_WARN_UNGUARDED_AVAILABILITY = YES_AGGRESSIVE;
				CLANG_WARN_UNREACHABLE_CODE = YES;
				CLANG_WARN__DUPLICATE_METHOD_MATCH = YES;
				COPY_PHASE_STRIP = NO;
				DEBUG_INFORMATION_FORMAT = dwarf;
				ENABLE_STRICT_OBJC_MSGSEND = YES;
				ENABLE_TESTABILITY = YES;
				GCC_C_LANGUAGE_STANDARD = gnu11;
				GCC_DYNAMIC_NO_PIC = NO;
				GCC_NO_COMMON_BLOCKS = YES;
				GCC_OPTIMIZATION_LEVEL = 0;
				GCC_PREPROCESSOR_DEFINITIONS = (
					"DEBUG=1",
					"$(inherited)",
				);
				GCC_WARN_64_TO_32_BIT_CONVERSION = YES;
				GCC_WARN_ABOUT_RETURN_TYPE = YES_ERROR;
				GCC_WARN_UNDECLARED_SELECTOR = YES;
				GCC_WARN_UNINITIALIZED_AUTOS = YES_AGGRESSIVE;
				GCC_WARN_UNUSED_FUNCTION = YES;
				GCC_WARN_UNUSED_VARIABLE = YES;
				IPHONEOS_DEPLOYMENT_TARGET = 13.0;
				MTL_ENABLE_DEBUG_INFO = INCLUDE_SOURCE;
				MTL_FAST_MATH = YES;
				ONLY_ACTIVE_ARCH = YES;
				SDKROOT = iphoneos;
				SWIFT_ACTIVE_COMPILATION_CONDITIONS = DEBUG;
				SWIFT_OPTIMIZATION_LEVEL = "-Onone";
			};
			name = Debug;
		};
		E752F1342712F3370031135C /* Release */ = {
			isa = XCBuildConfiguration;
			buildSettings = {
				ALWAYS_SEARCH_USER_PATHS = NO;
				CLANG_ANALYZER_NONNULL = YES;
				CLANG_ANALYZER_NUMBER_OBJECT_CONVERSION = YES_AGGRESSIVE;
				CLANG_CXX_LANGUAGE_STANDARD = "gnu++14";
				CLANG_CXX_LIBRARY = "libc++";
				CLANG_ENABLE_MODULES = YES;
				CLANG_ENABLE_OBJC_ARC = YES;
				CLANG_ENABLE_OBJC_WEAK = YES;
				CLANG_WARN_BLOCK_CAPTURE_AUTORELEASING = YES;
				CLANG_WARN_BOOL_CONVERSION = YES;
				CLANG_WARN_COMMA = YES;
				CLANG_WARN_CONSTANT_CONVERSION = YES;
				CLANG_WARN_DEPRECATED_OBJC_IMPLEMENTATIONS = YES;
				CLANG_WARN_DIRECT_OBJC_ISA_USAGE = YES_ERROR;
				CLANG_WARN_DOCUMENTATION_COMMENTS = YES;
				CLANG_WARN_EMPTY_BODY = YES;
				CLANG_WARN_ENUM_CONVERSION = YES;
				CLANG_WARN_INFINITE_RECURSION = YES;
				CLANG_WARN_INT_CONVERSION = YES;
				CLANG_WARN_NON_LITERAL_NULL_CONVERSION = YES;
				CLANG_WARN_OBJC_IMPLICIT_RETAIN_SELF = YES;
				CLANG_WARN_OBJC_LITERAL_CONVERSION = YES;
				CLANG_WARN_OBJC_ROOT_CLASS = YES_ERROR;
				CLANG_WARN_QUOTED_INCLUDE_IN_FRAMEWORK_HEADER = YES;
				CLANG_WARN_RANGE_LOOP_ANALYSIS = YES;
				CLANG_WARN_STRICT_PROTOTYPES = YES;
				CLANG_WARN_SUSPICIOUS_MOVE = YES;
				CLANG_WARN_UNGUARDED_AVAILABILITY = YES_AGGRESSIVE;
				CLANG_WARN_UNREACHABLE_CODE = YES;
				CLANG_WARN__DUPLICATE_METHOD_MATCH = YES;
				COPY_PHASE_STRIP = NO;
				DEBUG_INFORMATION_FORMAT = "dwarf-with-dsym";
				ENABLE_NS_ASSERTIONS = NO;
				ENABLE_STRICT_OBJC_MSGSEND = YES;
				GCC_C_LANGUAGE_STANDARD = gnu11;
				GCC_NO_COMMON_BLOCKS = YES;
				GCC_WARN_64_TO_32_BIT_CONVERSION = YES;
				GCC_WARN_ABOUT_RETURN_TYPE = YES_ERROR;
				GCC_WARN_UNDECLARED_SELECTOR = YES;
				GCC_WARN_UNINITIALIZED_AUTOS = YES_AGGRESSIVE;
				GCC_WARN_UNUSED_FUNCTION = YES;
				GCC_WARN_UNUSED_VARIABLE = YES;
				IPHONEOS_DEPLOYMENT_TARGET = 13.0;
				MTL_ENABLE_DEBUG_INFO = NO;
				MTL_FAST_MATH = YES;
				SDKROOT = iphoneos;
				SWIFT_COMPILATION_MODE = wholemodule;
				SWIFT_OPTIMIZATION_LEVEL = "-O";
				VALIDATE_PRODUCT = YES;
			};
			name = Release;
		};
		E752F1362712F3370031135C /* Debug */ = {
			isa = XCBuildConfiguration;
			buildSettings = {
				ASSETCATALOG_COMPILER_APPICON_NAME = AppIcon;
				ASSETCATALOG_COMPILER_GLOBAL_ACCENT_COLOR_NAME = AccentColor;
				CODE_SIGN_STYLE = Automatic;
				INFOPLIST_FILE = hw2/Info.plist;
				IPHONEOS_DEPLOYMENT_TARGET = 13.0;
				LD_RUNPATH_SEARCH_PATHS = (
					"$(inherited)",
					"@executable_path/Frameworks",
				);
				PRODUCT_BUNDLE_IDENTIFIER = robertmukhtarov.hw2;
				PRODUCT_NAME = "$(TARGET_NAME)";
				SWIFT_VERSION = 5.0;
				TARGETED_DEVICE_FAMILY = "1,2";
			};
			name = Debug;
		};
		E752F1372712F3370031135C /* Release */ = {
			isa = XCBuildConfiguration;
			buildSettings = {
				ASSETCATALOG_COMPILER_APPICON_NAME = AppIcon;
				ASSETCATALOG_COMPILER_GLOBAL_ACCENT_COLOR_NAME = AccentColor;
				CODE_SIGN_STYLE = Automatic;
				INFOPLIST_FILE = hw2/Info.plist;
				IPHONEOS_DEPLOYMENT_TARGET = 13.0;
				LD_RUNPATH_SEARCH_PATHS = (
					"$(inherited)",
					"@executable_path/Frameworks",
				);
				PRODUCT_BUNDLE_IDENTIFIER = robertmukhtarov.hw2;
				PRODUCT_NAME = "$(TARGET_NAME)";
				SWIFT_VERSION = 5.0;
				TARGETED_DEVICE_FAMILY = "1,2";
			};
			name = Release;
		};
/* End XCBuildConfiguration section */

/* Begin XCConfigurationList section */
		E752F11C2712F3360031135C /* Build configuration list for PBXProject "hw2" */ = {
			isa = XCConfigurationList;
			buildConfigurations = (
				E752F1332712F3370031135C /* Debug */,
				E752F1342712F3370031135C /* Release */,
			);
			defaultConfigurationIsVisible = 0;
			defaultConfigurationName = Release;
		};
		E752F1352712F3370031135C /* Build configuration list for PBXNativeTarget "hw2" */ = {
			isa = XCConfigurationList;
			buildConfigurations = (
				E752F1362712F3370031135C /* Debug */,
				E752F1372712F3370031135C /* Release */,
			);
			defaultConfigurationIsVisible = 0;
			defaultConfigurationName = Release;
		};
/* End XCConfigurationList section */

/* Begin XCRemoteSwiftPackageReference section */
		71EB93E22731467C00C6553F /* XCRemoteSwiftPackageReference "SnapKit" */ = {
			isa = XCRemoteSwiftPackageReference;
			repositoryURL = "https://github.com/SnapKit/SnapKit.git";
			requirement = {
				kind = upToNextMajorVersion;
				minimumVersion = 5.0.1;
			};
		};
/* End XCRemoteSwiftPackageReference section */

/* Begin XCSwiftPackageProductDependency section */
		71EB93E32731467C00C6553F /* SnapKit */ = {
			isa = XCSwiftPackageProductDependency;
			package = 71EB93E22731467C00C6553F /* XCRemoteSwiftPackageReference "SnapKit" */;
			productName = SnapKit;
		};
/* End XCSwiftPackageProductDependency section */
	};
	rootObject = E752F1192712F3360031135C /* Project object */;
}
